
Microsoft Visual Studio Solution File, Format Version 12.00
# Visual Studio 2013
VisualStudioVersion = 12.0.30110.0
MinimumVisualStudioVersion = 10.0.40219.1
Project("{8BC9CEB8-8B4A-11D0-8D11-00A0C91BC942}") = "TopCoder", "TopCoder.vcxproj", "{6B42D6D1-28C5-4341-AB89-4E0850BEDADF}"
EndProject
Global
	GlobalSection(SolutionConfigurationPlatforms) = preSolution
		Debug|Win32 = Debug|Win32
		Release|Win32 = Release|Win32
	EndGlobalSection
	GlobalSection(ProjectConfigurationPlatforms) = postSolution
		{6B42D6D1-28C5-4341-AB89-4E0850BEDADF}.Debug|Win32.ActiveCfg = Debug|Win32
		{6B42D6D1-28C5-4341-AB89-4E0850BEDADF}.Debug|Win32.Build.0 = Debug|Win32
		{6B42D6D1-28C5-4341-AB89-4E0850BEDADF}.Release|Win32.ActiveCfg = Release|Win32
		{6B42D6D1-28C5-4341-AB89-4E0850BEDADF}.Release|Win32.Build.0 = Release|Win32
	EndGlobalSection
	GlobalSection(SolutionProperties) = preSolution
		HideSolutionNode = FALSE
	EndGlobalSection
EndGlobal
